
Microsoft Visual Studio Solution File, Format Version 12.00
# Visual Studio Version 16
VisualStudioVersion = 16.0.31911.196
MinimumVisualStudioVersion = 10.0.40219.1
Project("{FAE04EC0-301F-11D3-BF4B-00C04F79EFBC}") = "test", "test\test.csproj", "{3479D85F-FB83-4546-B1DD-883D5BB4871B}"
EndProject
Global
	GlobalSection(SolutionConfigurationPlatforms) = preSolution
		Debug|Any CPU = Debug|Any CPU
		Release|Any CPU = Release|Any CPU
	EndGlobalSection
	GlobalSection(ProjectConfigurationPlatforms) = postSolution
		{3479D85F-FB83-4546-B1DD-883D5BB4871B}.Debug|Any CPU.ActiveCfg = Debug|Any CPU
		{3479D85F-FB83-4546-B1DD-883D5BB4871B}.Debug|Any CPU.Build.0 = Debug|Any CPU
		{3479D85F-FB83-4546-B1DD-883D5BB4871B}.Release|Any CPU.ActiveCfg = Release|Any CPU
		{3479D85F-FB83-4546-B1DD-883D5BB4871B}.Release|Any CPU.Build.0 = Release|Any CPU
	EndGlobalSection
	GlobalSection(SolutionProperties) = preSolution
		HideSolutionNode = FALSE
	EndGlobalSection
	GlobalSection(ExtensibilityGlobals) = postSolution
		SolutionGuid = {D8CE020C-CC03-4FDF-946E-27B94B13D62B}
	EndGlobalSection
EndGlobal
